{
    "name": "pokesim",
    "lockfileVersion": 3,
    "requires": true,
    "packages": {
        "": {
            "dependencies": {
                "@pkmn/client": "0.6.17",
                "@pkmn/data": "0.8.2",
                "@pkmn/dex": "0.8.2",
                "@pkmn/randoms": "0.8.2",
                "@pkmn/sim": "0.8.2",
                "@pkmn/types": "4.0.0",
                "@types/js-yaml": "^4.0.6",
                "@types/node": "^20.8.0",
                "js-yaml": "^4.1.0",
                "protobufjs": "^7.2.6",
                "socket.io-client": "^4.7.2",
                "ts-protoc-gen": "^0.15.0",
                "ws": "^8.14.2"
            },
            "devDependencies": {
                "@types/ws": "^8.5.8"
            }
        },
        "node_modules/@pkmn/client": {
            "version": "0.6.17",
            "resolved": "https://registry.npmjs.org/@pkmn/client/-/client-0.6.17.tgz",
            "integrity": "sha512-5Rx8X3PBJfIZLUCdouPPtYft2UnFHq79dP7en18yb2NZbmnrNRoawAHwD2qhGs+KWsaOc/VRHBc5Vs4+pxOAVA==",
            "dependencies": {
                "@pkmn/data": "^0.8.0",
                "@pkmn/protocol": "^0.6.17"
            }
        },
        "node_modules/@pkmn/data": {
            "version": "0.8.2",
            "resolved": "https://registry.npmjs.org/@pkmn/data/-/data-0.8.2.tgz",
            "integrity": "sha512-D452ox2fRp2HyppwY0VHKF+qTx2HvGtSV6q67SXhmxLUwvWRNftPZQjMOZO+pmXlJC9WfUgEqgQYdiSyKb3SVQ==",
            "dependencies": {
                "@pkmn/dex-types": "^0.8.2"
            }
        },
        "node_modules/@pkmn/dex": {
            "version": "0.8.2",
            "resolved": "https://registry.npmjs.org/@pkmn/dex/-/dex-0.8.2.tgz",
            "integrity": "sha512-a7PGXnhAQIssIp9FD+eSs36r6xJ3QEHxQaZdrobyIWrF31oNohgC0OLiktknDsBRO6yM4YW7IOCZ2Juv9mMHIw==",
            "dependencies": {
                "@pkmn/dex-types": "^0.8.2"
            }
        },
        "node_modules/@pkmn/dex-types": {
            "version": "0.8.2",
            "resolved": "https://registry.npmjs.org/@pkmn/dex-types/-/dex-types-0.8.2.tgz",
            "integrity": "sha512-8wdyu0Ued5+F1n5avwzK5lA8ry2r6La3PF+bQWYLaexZDNm0lEaZJhewylfgcqrtVtXm0JnwnOaxsCKTwAMqEw==",
            "dependencies": {
                "@pkmn/types": "^4.0.0"
            }
        },
        "node_modules/@pkmn/protocol": {
            "version": "0.6.17",
            "resolved": "https://registry.npmjs.org/@pkmn/protocol/-/protocol-0.6.17.tgz",
            "integrity": "sha512-D01A83OIU/O5Pvz+DjO7Bpti/ysNrgVHoeYZ+LhrJ+KffZicDPkmyZ5KsYliG/SsmCnTGtaUasMP/e277ap6vA==",
            "dependencies": {
                "@pkmn/types": "^4.0.0"
            },
            "bin": {
                "generate-handler": "generate-handler",
                "protocol-verifier": "protocol-verifier"
            }
        },
        "node_modules/@pkmn/randoms": {
            "version": "0.8.2",
            "resolved": "https://registry.npmjs.org/@pkmn/randoms/-/randoms-0.8.2.tgz",
            "integrity": "sha512-pt5qdKBWaUh6XuIvdDIrL0tnWmUBqw2xNG344NrUgGlVg+DhEJAaE7s3GWJSPETrHis1oVucqAMQ1id85sbYRg==",
            "dependencies": {
                "@pkmn/sim": "^0.8.2"
            }
        },
        "node_modules/@pkmn/sets": {
            "version": "5.1.0",
            "resolved": "https://registry.npmjs.org/@pkmn/sets/-/sets-5.1.0.tgz",
            "integrity": "sha512-iQFoy4R6L2r20lbPgsl668YJPu/oPesduMsFb3Oxgw0BAmn63FO7eFNSYwQ0bBnfP72zfYCvlf8JjhkBHjRiaw==",
            "dependencies": {
                "@pkmn/types": "^3.0.0"
            }
        },
        "node_modules/@pkmn/sets/node_modules/@pkmn/types": {
            "version": "3.0.0",
            "resolved": "https://registry.npmjs.org/@pkmn/types/-/types-3.0.0.tgz",
            "integrity": "sha512-Vq3vlIaKi8EGFUx5AFcEch74i8wfFWPWb5OaNsJCgP31VADJVruKmLoSzs26xUW0vkiJENICH+YGFmJYwatJ8w=="
        },
        "node_modules/@pkmn/sim": {
            "version": "0.8.2",
            "resolved": "https://registry.npmjs.org/@pkmn/sim/-/sim-0.8.2.tgz",
            "integrity": "sha512-PYclK0OC9MXY9e7/89HP+mjymou4TyszaIiRq/7DAj/+f/aUFtryYR/wbfdf++3yh8ma0tw3il/zw/GaMCXsHg==",
            "dependencies": {
                "@pkmn/sets": "^5.1.0",
                "@pkmn/streams": "^1.1.0"
            }
        },
        "node_modules/@pkmn/streams": {
            "version": "1.1.0",
            "resolved": "https://registry.npmjs.org/@pkmn/streams/-/streams-1.1.0.tgz",
            "integrity": "sha512-Pp9k7gt4xd76DqTU+LQEUyzuaauM4bV1MlehVtX1NS7o9zMFtjw50MfaEQ62dIMZyzxNjsJGoLGBeY1iSYLsRA=="
        },
        "node_modules/@pkmn/types": {
            "version": "4.0.0",
            "resolved": "https://registry.npmjs.org/@pkmn/types/-/types-4.0.0.tgz",
            "integrity": "sha512-gR2s/pxJYEegek1TtsYCQupNR3d5hMlcJFsiD+2LyfKr4tc+gETTql47tWLX5mFSbPcbXh7f4+7txlMIDoZx/g=="
        },
        "node_modules/@protobufjs/aspromise": {
            "version": "1.1.2",
            "resolved": "https://registry.npmjs.org/@protobufjs/aspromise/-/aspromise-1.1.2.tgz",
            "integrity": "sha512-j+gKExEuLmKwvz3OgROXtrJ2UG2x8Ch2YZUxahh+s1F2HZ+wAceUNLkvy6zKCPVRkU++ZWQrdxsUeQXmcg4uoQ=="
        },
        "node_modules/@protobufjs/base64": {
            "version": "1.1.2",
            "resolved": "https://registry.npmjs.org/@protobufjs/base64/-/base64-1.1.2.tgz",
            "integrity": "sha512-AZkcAA5vnN/v4PDqKyMR5lx7hZttPDgClv83E//FMNhR2TMcLUhfRUBHCmSl0oi9zMgDDqRUJkSxO3wm85+XLg=="
        },
        "node_modules/@protobufjs/codegen": {
            "version": "2.0.4",
            "resolved": "https://registry.npmjs.org/@protobufjs/codegen/-/codegen-2.0.4.tgz",
            "integrity": "sha512-YyFaikqM5sH0ziFZCN3xDC7zeGaB/d0IUb9CATugHWbd1FRFwWwt4ld4OYMPWu5a3Xe01mGAULCdqhMlPl29Jg=="
        },
        "node_modules/@protobufjs/eventemitter": {
            "version": "1.1.0",
            "resolved": "https://registry.npmjs.org/@protobufjs/eventemitter/-/eventemitter-1.1.0.tgz",
            "integrity": "sha512-j9ednRT81vYJ9OfVuXG6ERSTdEL1xVsNgqpkxMsbIabzSo3goCjDIveeGv5d03om39ML71RdmrGNjG5SReBP/Q=="
        },
        "node_modules/@protobufjs/fetch": {
            "version": "1.1.0",
            "resolved": "https://registry.npmjs.org/@protobufjs/fetch/-/fetch-1.1.0.tgz",
            "integrity": "sha512-lljVXpqXebpsijW71PZaCYeIcE5on1w5DlQy5WH6GLbFryLUrBD4932W/E2BSpfRJWseIL4v/KPgBFxDOIdKpQ==",
            "dependencies": {
                "@protobufjs/aspromise": "^1.1.1",
                "@protobufjs/inquire": "^1.1.0"
            }
        },
        "node_modules/@protobufjs/float": {
            "version": "1.0.2",
            "resolved": "https://registry.npmjs.org/@protobufjs/float/-/float-1.0.2.tgz",
            "integrity": "sha512-Ddb+kVXlXst9d+R9PfTIxh1EdNkgoRe5tOX6t01f1lYWOvJnSPDBlG241QLzcyPdoNTsblLUdujGSE4RzrTZGQ=="
        },
        "node_modules/@protobufjs/inquire": {
            "version": "1.1.0",
            "resolved": "https://registry.npmjs.org/@protobufjs/inquire/-/inquire-1.1.0.tgz",
            "integrity": "sha512-kdSefcPdruJiFMVSbn801t4vFK7KB/5gd2fYvrxhuJYg8ILrmn9SKSX2tZdV6V+ksulWqS7aXjBcRXl3wHoD9Q=="
        },
        "node_modules/@protobufjs/path": {
            "version": "1.1.2",
            "resolved": "https://registry.npmjs.org/@protobufjs/path/-/path-1.1.2.tgz",
            "integrity": "sha512-6JOcJ5Tm08dOHAbdR3GrvP+yUUfkjG5ePsHYczMFLq3ZmMkAD98cDgcT2iA1lJ9NVwFd4tH/iSSoe44YWkltEA=="
        },
        "node_modules/@protobufjs/pool": {
            "version": "1.1.0",
            "resolved": "https://registry.npmjs.org/@protobufjs/pool/-/pool-1.1.0.tgz",
            "integrity": "sha512-0kELaGSIDBKvcgS4zkjz1PeddatrjYcmMWOlAuAPwAeccUrPHdUqo/J6LiymHHEiJT5NrF1UVwxY14f+fy4WQw=="
        },
        "node_modules/@protobufjs/utf8": {
            "version": "1.1.0",
            "resolved": "https://registry.npmjs.org/@protobufjs/utf8/-/utf8-1.1.0.tgz",
            "integrity": "sha512-Vvn3zZrhQZkkBE8LSuW3em98c0FwgO4nxzv6OdSxPKJIEKY2bGbHn+mhGIPerzI4twdxaP8/0+06HBpwf345Lw=="
        },
        "node_modules/@socket.io/component-emitter": {
            "version": "3.1.0",
            "resolved": "https://registry.npmjs.org/@socket.io/component-emitter/-/component-emitter-3.1.0.tgz",
            "integrity": "sha512-+9jVqKhRSpsc591z5vX+X5Yyw+he/HCB4iQ/RYxw35CEPaY1gnsNE43nf9n9AaYjAQrTiI/mOwKUKdUs9vf7Xg=="
        },
        "node_modules/@types/js-yaml": {
            "version": "4.0.9",
            "resolved": "https://registry.npmjs.org/@types/js-yaml/-/js-yaml-4.0.9.tgz",
            "integrity": "sha512-k4MGaQl5TGo/iipqb2UDG2UwjXziSWkh0uysQelTlJpX1qGlpUZYm8PnO4DxG1qBomtJUdYJ6qR6xdIah10JLg=="
        },
        "node_modules/@types/node": {
            "version": "20.10.5",
            "resolved": "https://registry.npmjs.org/@types/node/-/node-20.10.5.tgz",
            "integrity": "sha512-nNPsNE65wjMxEKI93yOP+NPGGBJz/PoN3kZsVLee0XMiJolxSekEVD8wRwBUBqkwc7UWop0edW50yrCQW4CyRw==",
            "dependencies": {
                "undici-types": "~5.26.4"
            }
        },
        "node_modules/@types/ws": {
            "version": "8.5.10",
            "resolved": "https://registry.npmjs.org/@types/ws/-/ws-8.5.10.tgz",
            "integrity": "sha512-vmQSUcfalpIq0R9q7uTo2lXs6eGIpt9wtnLdMv9LVpIjCA/+ufZRozlVoVelIYixx1ugCBKDhn89vnsEGOCx9A==",
            "dev": true,
            "dependencies": {
                "@types/node": "*"
            }
        },
        "node_modules/argparse": {
            "version": "2.0.1",
            "resolved": "https://registry.npmjs.org/argparse/-/argparse-2.0.1.tgz",
            "integrity": "sha512-8+9WqebbFzpX9OR+Wa6O29asIogeRMzcGtAINdpMHHyAg10f05aSFVBbcEqGf/PXw1EjAZ+q2/bEBg3DvurK3Q=="
        },
        "node_modules/debug": {
            "version": "4.3.4",
            "resolved": "https://registry.npmjs.org/debug/-/debug-4.3.4.tgz",
            "integrity": "sha512-PRWFHuSU3eDtQJPvnNY7Jcket1j0t5OuOsFzPPzsekD52Zl8qUfFIPEiswXqIvHWGVHOgX+7G/vCNNhehwxfkQ==",
            "dependencies": {
                "ms": "2.1.2"
            },
            "engines": {
                "node": ">=6.0"
            },
            "peerDependenciesMeta": {
                "supports-color": {
                    "optional": true
                }
            }
        },
        "node_modules/engine.io-client": {
            "version": "6.5.3",
            "resolved": "https://registry.npmjs.org/engine.io-client/-/engine.io-client-6.5.3.tgz",
            "integrity": "sha512-9Z0qLB0NIisTRt1DZ/8U2k12RJn8yls/nXMZLn+/N8hANT3TcYjKFKcwbw5zFQiN4NTde3TSY9zb79e1ij6j9Q==",
            "dependencies": {
                "@socket.io/component-emitter": "~3.1.0",
                "debug": "~4.3.1",
                "engine.io-parser": "~5.2.1",
                "ws": "~8.11.0",
                "xmlhttprequest-ssl": "~2.0.0"
            }
        },
        "node_modules/engine.io-client/node_modules/ws": {
            "version": "8.11.0",
            "resolved": "https://registry.npmjs.org/ws/-/ws-8.11.0.tgz",
            "integrity": "sha512-HPG3wQd9sNQoT9xHyNCXoDUa+Xw/VevmY9FoHyQ+g+rrMn4j6FB4np7Z0OhdTgjx6MgQLK7jwSy1YecU1+4Asg==",
            "engines": {
                "node": ">=10.0.0"
            },
            "peerDependencies": {
                "bufferutil": "^4.0.1",
                "utf-8-validate": "^5.0.2"
            },
            "peerDependenciesMeta": {
                "bufferutil": {
                    "optional": true
                },
                "utf-8-validate": {
                    "optional": true
                }
            }
        },
        "node_modules/engine.io-parser": {
            "version": "5.2.1",
            "resolved": "https://registry.npmjs.org/engine.io-parser/-/engine.io-parser-5.2.1.tgz",
            "integrity": "sha512-9JktcM3u18nU9N2Lz3bWeBgxVgOKpw7yhRaoxQA3FUDZzzw+9WlA6p4G4u0RixNkg14fH7EfEc/RhpurtiROTQ==",
            "engines": {
                "node": ">=10.0.0"
            }
        },
        "node_modules/google-protobuf": {
            "version": "3.21.2",
            "resolved": "https://registry.npmjs.org/google-protobuf/-/google-protobuf-3.21.2.tgz",
            "integrity": "sha512-3MSOYFO5U9mPGikIYCzK0SaThypfGgS6bHqrUGXG3DPHCrb+txNqeEcns1W0lkGfk0rCyNXm7xB9rMxnCiZOoA=="
        },
        "node_modules/js-yaml": {
            "version": "4.1.0",
            "resolved": "https://registry.npmjs.org/js-yaml/-/js-yaml-4.1.0.tgz",
            "integrity": "sha512-wpxZs9NoxZaJESJGIZTyDEaYpl0FKSA+FB9aJiyemKhMwkxQg63h4T1KJgUGHpTqPDNRcmmYLugrRjJlBtWvRA==",
            "dependencies": {
                "argparse": "^2.0.1"
            },
            "bin": {
                "js-yaml": "bin/js-yaml.js"
            }
        },
        "node_modules/long": {
            "version": "5.2.3",
            "resolved": "https://registry.npmjs.org/long/-/long-5.2.3.tgz",
            "integrity": "sha512-lcHwpNoggQTObv5apGNCTdJrO69eHOZMi4BNC+rTLER8iHAqGrUVeLh/irVIM7zTw2bOXA8T6uNPeujwOLg/2Q=="
        },
        "node_modules/ms": {
            "version": "2.1.2",
            "resolved": "https://registry.npmjs.org/ms/-/ms-2.1.2.tgz",
            "integrity": "sha512-sGkPx+VjMtmA6MX27oA4FBFELFCZZ4S4XqeGOXCv68tT+jb3vk/RyaKWP0PTKyWtmLSM0b+adUTEvbs1PEaH2w=="
        },
        "node_modules/protobufjs": {
            "version": "7.2.6",
            "resolved": "https://registry.npmjs.org/protobufjs/-/protobufjs-7.2.6.tgz",
            "integrity": "sha512-dgJaEDDL6x8ASUZ1YqWciTRrdOuYNzoOf27oHNfdyvKqHr5i0FV7FSLU+aIeFjyFgVxrpTOtQUi0BLLBymZaBw==",
            "hasInstallScript": true,
            "dependencies": {
                "@protobufjs/aspromise": "^1.1.2",
                "@protobufjs/base64": "^1.1.2",
                "@protobufjs/codegen": "^2.0.4",
                "@protobufjs/eventemitter": "^1.1.0",
                "@protobufjs/fetch": "^1.1.0",
                "@protobufjs/float": "^1.0.2",
                "@protobufjs/inquire": "^1.1.0",
                "@protobufjs/path": "^1.1.2",
                "@protobufjs/pool": "^1.1.0",
                "@protobufjs/utf8": "^1.1.0",
                "@types/node": ">=13.7.0",
                "long": "^5.0.0"
            },
            "engines": {
                "node": ">=12.0.0"
            }
        },
        "node_modules/socket.io-client": {
            "version": "4.7.2",
            "resolved": "https://registry.npmjs.org/socket.io-client/-/socket.io-client-4.7.2.tgz",
            "integrity": "sha512-vtA0uD4ibrYD793SOIAwlo8cj6haOeMHrGvwPxJsxH7CeIksqJ+3Zc06RvWTIFgiSqx4A3sOnTXpfAEE2Zyz6w==",
            "dependencies": {
                "@socket.io/component-emitter": "~3.1.0",
                "debug": "~4.3.2",
                "engine.io-client": "~6.5.2",
                "socket.io-parser": "~4.2.4"
            },
            "engines": {
                "node": ">=10.0.0"
            }
        },
        "node_modules/socket.io-parser": {
            "version": "4.2.4",
            "resolved": "https://registry.npmjs.org/socket.io-parser/-/socket.io-parser-4.2.4.tgz",
            "integrity": "sha512-/GbIKmo8ioc+NIWIhwdecY0ge+qVBSMdgxGygevmdHj24bsfgtCmcUUcQ5ZzcylGFHsN3k4HB4Cgkl96KVnuew==",
            "dependencies": {
                "@socket.io/component-emitter": "~3.1.0",
                "debug": "~4.3.1"
            },
            "engines": {
                "node": ">=10.0.0"
            }
        },
        "node_modules/ts-protoc-gen": {
            "version": "0.15.0",
            "resolved": "https://registry.npmjs.org/ts-protoc-gen/-/ts-protoc-gen-0.15.0.tgz",
            "integrity": "sha512-TycnzEyrdVDlATJ3bWFTtra3SCiEP0W0vySXReAuEygXCUr1j2uaVyL0DhzjwuUdQoW5oXPwk6oZWeA0955V+g==",
            "dependencies": {
                "google-protobuf": "^3.15.5"
            },
            "bin": {
                "protoc-gen-ts": "bin/protoc-gen-ts"
            }
        },
        "node_modules/undici-types": {
            "version": "5.26.5",
            "resolved": "https://registry.npmjs.org/undici-types/-/undici-types-5.26.5.tgz",
            "integrity": "sha512-JlCMO+ehdEIKqlFxk6IfVoAUVmgz7cU7zD/h9XZ0qzeosSHmUJVOzSQvvYSYWXkFXC+IfLKSIffhv0sVZup6pA=="
        },
        "node_modules/ws": {
            "version": "8.15.1",
            "resolved": "https://registry.npmjs.org/ws/-/ws-8.15.1.tgz",
            "integrity": "sha512-W5OZiCjXEmk0yZ66ZN82beM5Sz7l7coYxpRkzS+p9PP+ToQry8szKh+61eNktr7EA9DOwvFGhfC605jDHbP6QQ==",
            "engines": {
                "node": ">=10.0.0"
            },
            "peerDependencies": {
                "bufferutil": "^4.0.1",
                "utf-8-validate": ">=5.0.2"
            },
            "peerDependenciesMeta": {
                "bufferutil": {
                    "optional": true
                },
                "utf-8-validate": {
                    "optional": true
                }
            }
        },
        "node_modules/xmlhttprequest-ssl": {
            "version": "2.0.0",
            "resolved": "https://registry.npmjs.org/xmlhttprequest-ssl/-/xmlhttprequest-ssl-2.0.0.tgz",
            "integrity": "sha512-QKxVRxiRACQcVuQEYFsI1hhkrMlrXHPegbbd1yn9UHOmRxY+si12nQYzri3vbzt8VdTTRviqcKxcyllFas5z2A==",
            "engines": {
                "node": ">=0.4.0"
            }
        }
    }
}
