{
    "name": "pokesim",
    "lockfileVersion": 3,
    "requires": true,
    "packages": {
        "": {
            "dependencies": {
                "@pkmn/client": "^0.6.15",
                "@pkmn/data": "^0.7.53",
                "@pkmn/dex": "^0.7.52",
                "@pkmn/randoms": "^0.7.52",
                "@pkmn/sim": "^0.7.52",
                "@pkmn/types": "^3.0.0",
                "@types/js-yaml": "^4.0.6",
                "@types/node": "^20.8.0",
                "js-yaml": "^4.1.0",
                "node-fetch": "^3.3.2",
                "socket.io-client": "^4.7.2",
                "ws": "^8.14.2"
            },
            "devDependencies": {
                "@types/node-fetch": "^2.6.7",
                "@types/ws": "^8.5.8"
            }
        },
        "node_modules/@pkmn/client": {
            "version": "0.6.16",
            "resolved": "https://registry.npmjs.org/@pkmn/client/-/client-0.6.16.tgz",
            "integrity": "sha512-Lqip/NK3RCV78zNNADgYPxWFCkAXyTojxoTTzZfU/KqmWZuqfnpLFU0mAnpIfollZDBfxSxxBoR33M6Bf23PTA==",
            "dependencies": {
                "@pkmn/data": "^0.7.53",
                "@pkmn/protocol": "^0.6.16"
            }
        },
        "node_modules/@pkmn/data": {
            "version": "0.7.53",
            "resolved": "https://registry.npmjs.org/@pkmn/data/-/data-0.7.53.tgz",
            "integrity": "sha512-yW+rQthRslNJwECnrM2D9VrF4hxgEh5uAzc/j1+bmaXiQARvEf2qhO2piSwRr7oxevp6Imq4Lm0MkeUYmhCVfw==",
            "dependencies": {
                "@pkmn/dex-types": "^0.7.53"
            }
        },
        "node_modules/@pkmn/dex": {
            "version": "0.7.53",
            "resolved": "https://registry.npmjs.org/@pkmn/dex/-/dex-0.7.53.tgz",
            "integrity": "sha512-C8/4uQxIp4RCu3KXU+QWLRPtF5Gp7ewVjByhM6t9DkXiUYLY4s4sRp1jNT26ZP3uB9FcYUJj3y61boUlvn4Mog==",
            "dependencies": {
                "@pkmn/dex-types": "^0.7.53"
            }
        },
        "node_modules/@pkmn/dex-types": {
            "version": "0.7.53",
            "resolved": "https://registry.npmjs.org/@pkmn/dex-types/-/dex-types-0.7.53.tgz",
            "integrity": "sha512-m9Auu8/6Dls2vXt6J5EFiHklP0xmIIfYhoCkaIUvGN+ScdfY9fhl1xyhQlWZ1nOU2sMcwbwV7U/YIF8oOP7/Ew==",
            "dependencies": {
                "@pkmn/types": "^3.0.0"
            }
        },
        "node_modules/@pkmn/protocol": {
            "version": "0.6.16",
            "resolved": "https://registry.npmjs.org/@pkmn/protocol/-/protocol-0.6.16.tgz",
            "integrity": "sha512-l/ERzsutqL22fNnB35B7E9YgEDhCWKTnGU3VflSBT7SAEg05lf5mVvI33AUmh3d4pwXk+JZGoawi/p0/0xukqw==",
            "dependencies": {
                "@pkmn/types": "^3.0.0"
            },
            "bin": {
                "generate-handler": "generate-handler",
                "protocol-verifier": "protocol-verifier"
            }
        },
        "node_modules/@pkmn/randoms": {
            "version": "0.7.53",
            "resolved": "https://registry.npmjs.org/@pkmn/randoms/-/randoms-0.7.53.tgz",
            "integrity": "sha512-4iMtipmF5bNXcOygUXTza9eidq7Tj/8iWBAOKW96sPL0qNICSLUPpxiF8MQf3i6+cMW/8F8y5E3Xu4jtM+CAjg==",
            "dependencies": {
                "@pkmn/sim": "^0.7.53"
            }
        },
        "node_modules/@pkmn/sets": {
            "version": "5.1.0",
            "resolved": "https://registry.npmjs.org/@pkmn/sets/-/sets-5.1.0.tgz",
            "integrity": "sha512-iQFoy4R6L2r20lbPgsl668YJPu/oPesduMsFb3Oxgw0BAmn63FO7eFNSYwQ0bBnfP72zfYCvlf8JjhkBHjRiaw==",
            "dependencies": {
                "@pkmn/types": "^3.0.0"
            }
        },
        "node_modules/@pkmn/sim": {
            "version": "0.7.53",
            "resolved": "https://registry.npmjs.org/@pkmn/sim/-/sim-0.7.53.tgz",
            "integrity": "sha512-iFyyA3whzmmnOgMJjzP8P9xrSmZsRL/HMJiBpFFt5Qwi2OwgW72mLtbbnf4g3dNf+JfJjnXBAay9FtLIYV9sOA==",
            "dependencies": {
                "@pkmn/sets": "^5.1.0",
                "@pkmn/streams": "^1.1.0"
            }
        },
        "node_modules/@pkmn/streams": {
            "version": "1.1.0",
            "resolved": "https://registry.npmjs.org/@pkmn/streams/-/streams-1.1.0.tgz",
            "integrity": "sha512-Pp9k7gt4xd76DqTU+LQEUyzuaauM4bV1MlehVtX1NS7o9zMFtjw50MfaEQ62dIMZyzxNjsJGoLGBeY1iSYLsRA=="
        },
        "node_modules/@pkmn/types": {
            "version": "3.0.0",
            "resolved": "https://registry.npmjs.org/@pkmn/types/-/types-3.0.0.tgz",
            "integrity": "sha512-Vq3vlIaKi8EGFUx5AFcEch74i8wfFWPWb5OaNsJCgP31VADJVruKmLoSzs26xUW0vkiJENICH+YGFmJYwatJ8w=="
        },
        "node_modules/@socket.io/component-emitter": {
            "version": "3.1.0",
            "resolved": "https://registry.npmjs.org/@socket.io/component-emitter/-/component-emitter-3.1.0.tgz",
            "integrity": "sha512-+9jVqKhRSpsc591z5vX+X5Yyw+he/HCB4iQ/RYxw35CEPaY1gnsNE43nf9n9AaYjAQrTiI/mOwKUKdUs9vf7Xg=="
        },
        "node_modules/@types/js-yaml": {
            "version": "4.0.7",
            "resolved": "https://registry.npmjs.org/@types/js-yaml/-/js-yaml-4.0.7.tgz",
            "integrity": "sha512-RJZP9WAMMr1514KbdSXkLRrKvYQacjr1+HWnY8pui/uBTBoSgD9ZGR17u/d4nb9NpERp0FkdLBe7hq8NIPBgkg=="
        },
        "node_modules/@types/node": {
            "version": "20.8.4",
            "resolved": "https://registry.npmjs.org/@types/node/-/node-20.8.4.tgz",
            "integrity": "sha512-ZVPnqU58giiCjSxjVUESDtdPk4QR5WQhhINbc9UBrKLU68MX5BF6kbQzTrkwbolyr0X8ChBpXfavr5mZFKZQ5A==",
            "dependencies": {
                "undici-types": "~5.25.1"
            }
        },
        "node_modules/@types/node-fetch": {
            "version": "2.6.7",
            "resolved": "https://registry.npmjs.org/@types/node-fetch/-/node-fetch-2.6.7.tgz",
            "integrity": "sha512-lX17GZVpJ/fuCjguZ5b3TjEbSENxmEk1B2z02yoXSK9WMEWRivhdSY73wWMn6bpcCDAOh6qAdktpKHIlkDk2lg==",
            "dev": true,
            "dependencies": {
                "@types/node": "*",
                "form-data": "^4.0.0"
            }
        },
        "node_modules/@types/ws": {
            "version": "8.5.8",
            "resolved": "https://registry.npmjs.org/@types/ws/-/ws-8.5.8.tgz",
            "integrity": "sha512-flUksGIQCnJd6sZ1l5dqCEG/ksaoAg/eUwiLAGTJQcfgvZJKF++Ta4bJA6A5aPSJmsr+xlseHn4KLgVlNnvPTg==",
            "dev": true,
            "dependencies": {
                "@types/node": "*"
            }
        },
        "node_modules/argparse": {
            "version": "2.0.1",
            "resolved": "https://registry.npmjs.org/argparse/-/argparse-2.0.1.tgz",
            "integrity": "sha512-8+9WqebbFzpX9OR+Wa6O29asIogeRMzcGtAINdpMHHyAg10f05aSFVBbcEqGf/PXw1EjAZ+q2/bEBg3DvurK3Q=="
        },
        "node_modules/asynckit": {
            "version": "0.4.0",
            "resolved": "https://registry.npmjs.org/asynckit/-/asynckit-0.4.0.tgz",
            "integrity": "sha512-Oei9OH4tRh0YqU3GxhX79dM/mwVgvbZJaSNaRk+bshkj0S5cfHcgYakreBjrHwatXKbz+IoIdYLxrKim2MjW0Q==",
            "dev": true
        },
        "node_modules/combined-stream": {
            "version": "1.0.8",
            "resolved": "https://registry.npmjs.org/combined-stream/-/combined-stream-1.0.8.tgz",
            "integrity": "sha512-FQN4MRfuJeHf7cBbBMJFXhKSDq+2kAArBlmRBvcvFE5BB1HZKXtSFASDhdlz9zOYwxh8lDdnvmMOe/+5cdoEdg==",
            "dev": true,
            "dependencies": {
                "delayed-stream": "~1.0.0"
            },
            "engines": {
                "node": ">= 0.8"
            }
        },
        "node_modules/data-uri-to-buffer": {
            "version": "4.0.1",
            "resolved": "https://registry.npmjs.org/data-uri-to-buffer/-/data-uri-to-buffer-4.0.1.tgz",
            "integrity": "sha512-0R9ikRb668HB7QDxT1vkpuUBtqc53YyAwMwGeUFKRojY/NWKvdZ+9UYtRfGmhqNbRkTSVpMbmyhXipFFv2cb/A==",
            "engines": {
                "node": ">= 12"
            }
        },
        "node_modules/debug": {
            "version": "4.3.4",
            "resolved": "https://registry.npmjs.org/debug/-/debug-4.3.4.tgz",
            "integrity": "sha512-PRWFHuSU3eDtQJPvnNY7Jcket1j0t5OuOsFzPPzsekD52Zl8qUfFIPEiswXqIvHWGVHOgX+7G/vCNNhehwxfkQ==",
            "dependencies": {
                "ms": "2.1.2"
            },
            "engines": {
                "node": ">=6.0"
            },
            "peerDependenciesMeta": {
                "supports-color": {
                    "optional": true
                }
            }
        },
        "node_modules/delayed-stream": {
            "version": "1.0.0",
            "resolved": "https://registry.npmjs.org/delayed-stream/-/delayed-stream-1.0.0.tgz",
            "integrity": "sha512-ZySD7Nf91aLB0RxL4KGrKHBXl7Eds1DAmEdcoVawXnLD7SDhpNgtuII2aAkg7a7QS41jxPSZ17p4VdGnMHk3MQ==",
            "dev": true,
            "engines": {
                "node": ">=0.4.0"
            }
        },
        "node_modules/engine.io-client": {
            "version": "6.5.2",
            "resolved": "https://registry.npmjs.org/engine.io-client/-/engine.io-client-6.5.2.tgz",
            "integrity": "sha512-CQZqbrpEYnrpGqC07a9dJDz4gePZUgTPMU3NKJPSeQOyw27Tst4Pl3FemKoFGAlHzgZmKjoRmiJvbWfhCXUlIg==",
            "dependencies": {
                "@socket.io/component-emitter": "~3.1.0",
                "debug": "~4.3.1",
                "engine.io-parser": "~5.2.1",
                "ws": "~8.11.0",
                "xmlhttprequest-ssl": "~2.0.0"
            }
        },
        "node_modules/engine.io-client/node_modules/ws": {
            "version": "8.11.0",
            "resolved": "https://registry.npmjs.org/ws/-/ws-8.11.0.tgz",
            "integrity": "sha512-HPG3wQd9sNQoT9xHyNCXoDUa+Xw/VevmY9FoHyQ+g+rrMn4j6FB4np7Z0OhdTgjx6MgQLK7jwSy1YecU1+4Asg==",
            "engines": {
                "node": ">=10.0.0"
            },
            "peerDependencies": {
                "bufferutil": "^4.0.1",
                "utf-8-validate": "^5.0.2"
            },
            "peerDependenciesMeta": {
                "bufferutil": {
                    "optional": true
                },
                "utf-8-validate": {
                    "optional": true
                }
            }
        },
        "node_modules/engine.io-parser": {
            "version": "5.2.1",
            "resolved": "https://registry.npmjs.org/engine.io-parser/-/engine.io-parser-5.2.1.tgz",
            "integrity": "sha512-9JktcM3u18nU9N2Lz3bWeBgxVgOKpw7yhRaoxQA3FUDZzzw+9WlA6p4G4u0RixNkg14fH7EfEc/RhpurtiROTQ==",
            "engines": {
                "node": ">=10.0.0"
            }
        },
        "node_modules/fetch-blob": {
            "version": "3.2.0",
            "resolved": "https://registry.npmjs.org/fetch-blob/-/fetch-blob-3.2.0.tgz",
            "integrity": "sha512-7yAQpD2UMJzLi1Dqv7qFYnPbaPx7ZfFK6PiIxQ4PfkGPyNyl2Ugx+a/umUonmKqjhM4DnfbMvdX6otXq83soQQ==",
            "funding": [
                {
                    "type": "github",
                    "url": "https://github.com/sponsors/jimmywarting"
                },
                {
                    "type": "paypal",
                    "url": "https://paypal.me/jimmywarting"
                }
            ],
            "dependencies": {
                "node-domexception": "^1.0.0",
                "web-streams-polyfill": "^3.0.3"
            },
            "engines": {
                "node": "^12.20 || >= 14.13"
            }
        },
        "node_modules/form-data": {
            "version": "4.0.0",
            "resolved": "https://registry.npmjs.org/form-data/-/form-data-4.0.0.tgz",
            "integrity": "sha512-ETEklSGi5t0QMZuiXoA/Q6vcnxcLQP5vdugSpuAyi6SVGi2clPPp+xgEhuMaHC+zGgn31Kd235W35f7Hykkaww==",
            "dev": true,
            "dependencies": {
                "asynckit": "^0.4.0",
                "combined-stream": "^1.0.8",
                "mime-types": "^2.1.12"
            },
            "engines": {
                "node": ">= 6"
            }
        },
        "node_modules/formdata-polyfill": {
            "version": "4.0.10",
            "resolved": "https://registry.npmjs.org/formdata-polyfill/-/formdata-polyfill-4.0.10.tgz",
            "integrity": "sha512-buewHzMvYL29jdeQTVILecSaZKnt/RJWjoZCF5OW60Z67/GmSLBkOFM7qh1PI3zFNtJbaZL5eQu1vLfazOwj4g==",
            "dependencies": {
                "fetch-blob": "^3.1.2"
            },
            "engines": {
                "node": ">=12.20.0"
            }
        },
        "node_modules/js-yaml": {
            "version": "4.1.0",
            "resolved": "https://registry.npmjs.org/js-yaml/-/js-yaml-4.1.0.tgz",
            "integrity": "sha512-wpxZs9NoxZaJESJGIZTyDEaYpl0FKSA+FB9aJiyemKhMwkxQg63h4T1KJgUGHpTqPDNRcmmYLugrRjJlBtWvRA==",
            "dependencies": {
                "argparse": "^2.0.1"
            },
            "bin": {
                "js-yaml": "bin/js-yaml.js"
            }
        },
        "node_modules/mime-db": {
            "version": "1.52.0",
            "resolved": "https://registry.npmjs.org/mime-db/-/mime-db-1.52.0.tgz",
            "integrity": "sha512-sPU4uV7dYlvtWJxwwxHD0PuihVNiE7TyAbQ5SWxDCB9mUYvOgroQOwYQQOKPJ8CIbE+1ETVlOoK1UC2nU3gYvg==",
            "dev": true,
            "engines": {
                "node": ">= 0.6"
            }
        },
        "node_modules/mime-types": {
            "version": "2.1.35",
            "resolved": "https://registry.npmjs.org/mime-types/-/mime-types-2.1.35.tgz",
            "integrity": "sha512-ZDY+bPm5zTTF+YpCrAU9nK0UgICYPT0QtT1NZWFv4s++TNkcgVaT0g6+4R2uI4MjQjzysHB1zxuWL50hzaeXiw==",
            "dev": true,
            "dependencies": {
                "mime-db": "1.52.0"
            },
            "engines": {
                "node": ">= 0.6"
            }
        },
        "node_modules/ms": {
            "version": "2.1.2",
            "resolved": "https://registry.npmjs.org/ms/-/ms-2.1.2.tgz",
            "integrity": "sha512-sGkPx+VjMtmA6MX27oA4FBFELFCZZ4S4XqeGOXCv68tT+jb3vk/RyaKWP0PTKyWtmLSM0b+adUTEvbs1PEaH2w=="
        },
        "node_modules/node-domexception": {
            "version": "1.0.0",
            "resolved": "https://registry.npmjs.org/node-domexception/-/node-domexception-1.0.0.tgz",
            "integrity": "sha512-/jKZoMpw0F8GRwl4/eLROPA3cfcXtLApP0QzLmUT/HuPCZWyB7IY9ZrMeKw2O/nFIqPQB3PVM9aYm0F312AXDQ==",
            "funding": [
                {
                    "type": "github",
                    "url": "https://github.com/sponsors/jimmywarting"
                },
                {
                    "type": "github",
                    "url": "https://paypal.me/jimmywarting"
                }
            ],
            "engines": {
                "node": ">=10.5.0"
            }
        },
        "node_modules/node-fetch": {
            "version": "3.3.2",
            "resolved": "https://registry.npmjs.org/node-fetch/-/node-fetch-3.3.2.tgz",
            "integrity": "sha512-dRB78srN/l6gqWulah9SrxeYnxeddIG30+GOqK/9OlLVyLg3HPnr6SqOWTWOXKRwC2eGYCkZ59NNuSgvSrpgOA==",
            "dependencies": {
                "data-uri-to-buffer": "^4.0.0",
                "fetch-blob": "^3.1.4",
                "formdata-polyfill": "^4.0.10"
            },
            "engines": {
                "node": "^12.20.0 || ^14.13.1 || >=16.0.0"
            },
            "funding": {
                "type": "opencollective",
                "url": "https://opencollective.com/node-fetch"
            }
        },
        "node_modules/socket.io-client": {
            "version": "4.7.2",
            "resolved": "https://registry.npmjs.org/socket.io-client/-/socket.io-client-4.7.2.tgz",
            "integrity": "sha512-vtA0uD4ibrYD793SOIAwlo8cj6haOeMHrGvwPxJsxH7CeIksqJ+3Zc06RvWTIFgiSqx4A3sOnTXpfAEE2Zyz6w==",
            "dependencies": {
                "@socket.io/component-emitter": "~3.1.0",
                "debug": "~4.3.2",
                "engine.io-client": "~6.5.2",
                "socket.io-parser": "~4.2.4"
            },
            "engines": {
                "node": ">=10.0.0"
            }
        },
        "node_modules/socket.io-parser": {
            "version": "4.2.4",
            "resolved": "https://registry.npmjs.org/socket.io-parser/-/socket.io-parser-4.2.4.tgz",
            "integrity": "sha512-/GbIKmo8ioc+NIWIhwdecY0ge+qVBSMdgxGygevmdHj24bsfgtCmcUUcQ5ZzcylGFHsN3k4HB4Cgkl96KVnuew==",
            "dependencies": {
                "@socket.io/component-emitter": "~3.1.0",
                "debug": "~4.3.1"
            },
            "engines": {
                "node": ">=10.0.0"
            }
        },
        "node_modules/undici-types": {
            "version": "5.25.3",
            "resolved": "https://registry.npmjs.org/undici-types/-/undici-types-5.25.3.tgz",
            "integrity": "sha512-Ga1jfYwRn7+cP9v8auvEXN1rX3sWqlayd4HP7OKk4mZWylEmu3KzXDUGrQUN6Ol7qo1gPvB2e5gX6udnyEPgdA=="
        },
        "node_modules/web-streams-polyfill": {
            "version": "3.2.1",
            "resolved": "https://registry.npmjs.org/web-streams-polyfill/-/web-streams-polyfill-3.2.1.tgz",
            "integrity": "sha512-e0MO3wdXWKrLbL0DgGnUV7WHVuw9OUvL4hjgnPkIeEvESk74gAITi5G606JtZPp39cd8HA9VQzCIvA49LpPN5Q==",
            "engines": {
                "node": ">= 8"
            }
        },
        "node_modules/ws": {
            "version": "8.14.2",
            "resolved": "https://registry.npmjs.org/ws/-/ws-8.14.2.tgz",
            "integrity": "sha512-wEBG1ftX4jcglPxgFCMJmZ2PLtSbJ2Peg6TmpJFTbe9GZYOQCDPdMYu/Tm0/bGZkw8paZnJY45J4K2PZrLYq8g==",
            "engines": {
                "node": ">=10.0.0"
            },
            "peerDependencies": {
                "bufferutil": "^4.0.1",
                "utf-8-validate": ">=5.0.2"
            },
            "peerDependenciesMeta": {
                "bufferutil": {
                    "optional": true
                },
                "utf-8-validate": {
                    "optional": true
                }
            }
        },
        "node_modules/xmlhttprequest-ssl": {
            "version": "2.0.0",
            "resolved": "https://registry.npmjs.org/xmlhttprequest-ssl/-/xmlhttprequest-ssl-2.0.0.tgz",
            "integrity": "sha512-QKxVRxiRACQcVuQEYFsI1hhkrMlrXHPegbbd1yn9UHOmRxY+si12nQYzri3vbzt8VdTTRviqcKxcyllFas5z2A==",
            "engines": {
                "node": ">=0.4.0"
            }
        }
    }
}
